// !$*UTF8*$!
{
	archiveVersion = 1;
	classes = {
	};
	objectVersion = 50;
	objects = {

/* Begin PBXBuildFile section */
		DA0B36922424A971002A754C /* ImagesViewController.swift in Sources */ = {isa = PBXBuildFile; fileRef = DA0B36912424A971002A754C /* ImagesViewController.swift */; };
		DA0B36942424B1D8002A754C /* MyCollectionView.swift in Sources */ = {isa = PBXBuildFile; fileRef = DA0B36932424B1D8002A754C /* MyCollectionView.swift */; };
		DA20CDD3241B7A4200E69841 /* AppDelegate.swift in Sources */ = {isa = PBXBuildFile; fileRef = DA20CDD2241B7A4200E69841 /* AppDelegate.swift */; };
		DA20CDD5241B7A4200E69841 /* SceneDelegate.swift in Sources */ = {isa = PBXBuildFile; fileRef = DA20CDD4241B7A4200E69841 /* SceneDelegate.swift */; };
		DA20CDD7241B7A4200E69841 /* ViewController.swift in Sources */ = {isa = PBXBuildFile; fileRef = DA20CDD6241B7A4200E69841 /* ViewController.swift */; };
		DA20CDDA241B7A4200E69841 /* Main.storyboard in Resources */ = {isa = PBXBuildFile; fileRef = DA20CDD8241B7A4200E69841 /* Main.storyboard */; };
		DA20CDDC241B7A4600E69841 /* Assets.xcassets in Resources */ = {isa = PBXBuildFile; fileRef = DA20CDDB241B7A4600E69841 /* Assets.xcassets */; };
		DA20CDDF241B7A4600E69841 /* LaunchScreen.storyboard in Resources */ = {isa = PBXBuildFile; fileRef = DA20CDDD241B7A4600E69841 /* LaunchScreen.storyboard */; };
		DA58F54E2425283C009931DD /* Operation.swift in Sources */ = {isa = PBXBuildFile; fileRef = DA58F54D2425283C009931DD /* Operation.swift */; };
		DA6B23712425C31C0090FEF7 /* Operation&OperationQueueu.swift in Sources */ = {isa = PBXBuildFile; fileRef = DA6B23702425C31C0090FEF7 /* Operation&OperationQueueu.swift */; };
		DA6B23732425C9090090FEF7 /* AsyncOperation.swift in Sources */ = {isa = PBXBuildFile; fileRef = DA6B23722425C9090090FEF7 /* AsyncOperation.swift */; };
		DA6B23752425CF330090FEF7 /* MaxConcurrentOperationCount.swift in Sources */ = {isa = PBXBuildFile; fileRef = DA6B23742425CF330090FEF7 /* MaxConcurrentOperationCount.swift */; };
		DA6B23772425D0E60090FEF7 /* CancelOperation.swift in Sources */ = {isa = PBXBuildFile; fileRef = DA6B23762425D0E60090FEF7 /* CancelOperation.swift */; };
		DA6B237B2425D8510090FEF7 /* Dependencies.swift in Sources */ = {isa = PBXBuildFile; fileRef = DA6B237A2425D8510090FEF7 /* Dependencies.swift */; };
		DA6B237D2425DB780090FEF7 /* WaitUntil.swift in Sources */ = {isa = PBXBuildFile; fileRef = DA6B237C2425DB780090FEF7 /* WaitUntil.swift */; };
		DA6B237F2425E0240090FEF7 /* CompletionBlock.swift in Sources */ = {isa = PBXBuildFile; fileRef = DA6B237E2425E0240090FEF7 /* CompletionBlock.swift */; };
		DA6B23812425E12B0090FEF7 /* Suspend.swift in Sources */ = {isa = PBXBuildFile; fileRef = DA6B23802425E12B0090FEF7 /* Suspend.swift */; };
		DA6CB8AB241FBB81006DADD8 /* Queue.swift in Sources */ = {isa = PBXBuildFile; fileRef = DA6CB8AA241FBB81006DADD8 /* Queue.swift */; };
		DA6CB8AD241FBE51006DADD8 /* Methods.swift in Sources */ = {isa = PBXBuildFile; fileRef = DA6CB8AC241FBE51006DADD8 /* Methods.swift */; };
		DA6CB8AF241FCEE1006DADD8 /* ConcurrentPerform.swift in Sources */ = {isa = PBXBuildFile; fileRef = DA6CB8AE241FCEE1006DADD8 /* ConcurrentPerform.swift */; };
		DA6CB8B1241FD03C006DADD8 /* WorkItem.swift in Sources */ = {isa = PBXBuildFile; fileRef = DA6CB8B0241FD03C006DADD8 /* WorkItem.swift */; };
		DA6CB8B3241FD9DE006DADD8 /* Semaphore.swift in Sources */ = {isa = PBXBuildFile; fileRef = DA6CB8B2241FD9DE006DADD8 /* Semaphore.swift */; };
		DA6CB8B5241FDF71006DADD8 /* DispatchGroup.swift in Sources */ = {isa = PBXBuildFile; fileRef = DA6CB8B4241FDF71006DADD8 /* DispatchGroup.swift */; };
		DA6CB8B724212442006DADD8 /* DispatchBarrier.swift in Sources */ = {isa = PBXBuildFile; fileRef = DA6CB8B624212442006DADD8 /* DispatchBarrier.swift */; };
		DA6CB8B92421269E006DADD8 /* DispatchSource.swift in Sources */ = {isa = PBXBuildFile; fileRef = DA6CB8B82421269E006DADD8 /* DispatchSource.swift */; };
		DA6CB8BB24212D49006DADD8 /* TargetQueueHierarchy.swift in Sources */ = {isa = PBXBuildFile; fileRef = DA6CB8BA24212D49006DADD8 /* TargetQueueHierarchy.swift */; };
		DA6CB8BD242130A5006DADD8 /* DispatchIO.swift in Sources */ = {isa = PBXBuildFile; fileRef = DA6CB8BC242130A5006DADD8 /* DispatchIO.swift */; };
		DA6CB8BF24226752006DADD8 /* PhotoViewController.swift in Sources */ = {isa = PBXBuildFile; fileRef = DA6CB8BE24226752006DADD8 /* PhotoViewController.swift */; };
		DA6CB8C124236851006DADD8 /* DispatchAfter.swift in Sources */ = {isa = PBXBuildFile; fileRef = DA6CB8C024236851006DADD8 /* DispatchAfter.swift */; };
		DAE66C90241B85E000A0E309 /* Thread.swift in Sources */ = {isa = PBXBuildFile; fileRef = DAE66C8F241B85E000A0E309 /* Thread.swift */; };
		DAE66C96241BA85D00A0E309 /* Synchronization.swift in Sources */ = {isa = PBXBuildFile; fileRef = DAE66C95241BA85D00A0E309 /* Synchronization.swift */; };
		DAE66C98241BA87B00A0E309 /* QualityOfService.swift in Sources */ = {isa = PBXBuildFile; fileRef = DAE66C97241BA87B00A0E309 /* QualityOfService.swift */; };
		DAE66C9A241BAC3600A0E309 /* RecursiveLock.swift in Sources */ = {isa = PBXBuildFile; fileRef = DAE66C99241BAC3600A0E309 /* RecursiveLock.swift */; };
		DAE66C9C241BB44500A0E309 /* Condition.swift in Sources */ = {isa = PBXBuildFile; fileRef = DAE66C9B241BB44500A0E309 /* Condition.swift */; };
		DAE66C9E241BC35F00A0E309 /* ReadWriteLock.swift in Sources */ = {isa = PBXBuildFile; fileRef = DAE66C9D241BC35F00A0E309 /* ReadWriteLock.swift */; };
		DAE66CA0241BC6EE00A0E309 /* SpinLock.swift in Sources */ = {isa = PBXBuildFile; fileRef = DAE66C9F241BC6EE00A0E309 /* SpinLock.swift */; };
		DAE66CA2241C9E3100A0E309 /* Synchronized.swift in Sources */ = {isa = PBXBuildFile; fileRef = DAE66CA1241C9E3100A0E309 /* Synchronized.swift */; };
		DAE66CA4241C9F1200A0E309 /* Deadlock.swift in Sources */ = {isa = PBXBuildFile; fileRef = DAE66CA3241C9F1200A0E309 /* Deadlock.swift */; };
		DAE66CA6241CABE000A0E309 /* AtomicOperation.swift in Sources */ = {isa = PBXBuildFile; fileRef = DAE66CA5241CABE000A0E309 /* AtomicOperation.swift */; };
/* End PBXBuildFile section */

/* Begin PBXFileReference section */
		DA0B36912424A971002A754C /* ImagesViewController.swift */ = {isa = PBXFileReference; lastKnownFileType = sourcecode.swift; path = ImagesViewController.swift; sourceTree = "<group>"; };
		DA0B36932424B1D8002A754C /* MyCollectionView.swift */ = {isa = PBXFileReference; lastKnownFileType = sourcecode.swift; path = MyCollectionView.swift; sourceTree = "<group>"; };
		DA20CDCF241B7A4200E69841 /* Multithreading.app */ = {isa = PBXFileReference; explicitFileType = wrapper.application; includeInIndex = 0; path = Multithreading.app; sourceTree = BUILT_PRODUCTS_DIR; };
		DA20CDD2241B7A4200E69841 /* AppDelegate.swift */ = {isa = PBXFileReference; lastKnownFileType = sourcecode.swift; path = AppDelegate.swift; sourceTree = "<group>"; };
		DA20CDD4241B7A4200E69841 /* SceneDelegate.swift */ = {isa = PBXFileReference; lastKnownFileType = sourcecode.swift; path = SceneDelegate.swift; sourceTree = "<group>"; };
		DA20CDD6241B7A4200E69841 /* ViewController.swift */ = {isa = PBXFileReference; lastKnownFileType = sourcecode.swift; path = ViewController.swift; sourceTree = "<group>"; };
		DA20CDD9241B7A4200E69841 /* Base */ = {isa = PBXFileReference; lastKnownFileType = file.storyboard; name = Base; path = Base.lproj/Main.storyboard; sourceTree = "<group>"; };
		DA20CDDB241B7A4600E69841 /* Assets.xcassets */ = {isa = PBXFileReference; lastKnownFileType = folder.assetcatalog; path = Assets.xcassets; sourceTree = "<group>"; };
		DA20CDDE241B7A4600E69841 /* Base */ = {isa = PBXFileReference; lastKnownFileType = file.storyboard; name = Base; path = Base.lproj/LaunchScreen.storyboard; sourceTree = "<group>"; };
		DA20CDE0241B7A4600E69841 /* Info.plist */ = {isa = PBXFileReference; lastKnownFileType = text.plist.xml; path = Info.plist; sourceTree = "<group>"; };
		DA58F54D2425283C009931DD /* Operation.swift */ = {isa = PBXFileReference; lastKnownFileType = sourcecode.swift; path = Operation.swift; sourceTree = "<group>"; };
		DA6B23702425C31C0090FEF7 /* Operation&OperationQueueu.swift */ = {isa = PBXFileReference; lastKnownFileType = sourcecode.swift; path = "Operation&OperationQueueu.swift"; sourceTree = "<group>"; };
		DA6B23722425C9090090FEF7 /* AsyncOperation.swift */ = {isa = PBXFileReference; lastKnownFileType = sourcecode.swift; path = AsyncOperation.swift; sourceTree = "<group>"; };
		DA6B23742425CF330090FEF7 /* MaxConcurrentOperationCount.swift */ = {isa = PBXFileReference; lastKnownFileType = sourcecode.swift; path = MaxConcurrentOperationCount.swift; sourceTree = "<group>"; };
		DA6B23762425D0E60090FEF7 /* CancelOperation.swift */ = {isa = PBXFileReference; lastKnownFileType = sourcecode.swift; path = CancelOperation.swift; sourceTree = "<group>"; };
		DA6B237A2425D8510090FEF7 /* Dependencies.swift */ = {isa = PBXFileReference; lastKnownFileType = sourcecode.swift; path = Dependencies.swift; sourceTree = "<group>"; };
		DA6B237C2425DB780090FEF7 /* WaitUntil.swift */ = {isa = PBXFileReference; lastKnownFileType = sourcecode.swift; path = WaitUntil.swift; sourceTree = "<group>"; };
		DA6B237E2425E0240090FEF7 /* CompletionBlock.swift */ = {isa = PBXFileReference; lastKnownFileType = sourcecode.swift; path = CompletionBlock.swift; sourceTree = "<group>"; };
		DA6B23802425E12B0090FEF7 /* Suspend.swift */ = {isa = PBXFileReference; lastKnownFileType = sourcecode.swift; path = Suspend.swift; sourceTree = "<group>"; };
		DA6CB8AA241FBB81006DADD8 /* Queue.swift */ = {isa = PBXFileReference; lastKnownFileType = sourcecode.swift; path = Queue.swift; sourceTree = "<group>"; };
		DA6CB8AC241FBE51006DADD8 /* Methods.swift */ = {isa = PBXFileReference; lastKnownFileType = sourcecode.swift; path = Methods.swift; sourceTree = "<group>"; };
		DA6CB8AE241FCEE1006DADD8 /* ConcurrentPerform.swift */ = {isa = PBXFileReference; lastKnownFileType = sourcecode.swift; path = ConcurrentPerform.swift; sourceTree = "<group>"; };
		DA6CB8B0241FD03C006DADD8 /* WorkItem.swift */ = {isa = PBXFileReference; lastKnownFileType = sourcecode.swift; path = WorkItem.swift; sourceTree = "<group>"; };
		DA6CB8B2241FD9DE006DADD8 /* Semaphore.swift */ = {isa = PBXFileReference; lastKnownFileType = sourcecode.swift; path = Semaphore.swift; sourceTree = "<group>"; };
		DA6CB8B4241FDF71006DADD8 /* DispatchGroup.swift */ = {isa = PBXFileReference; lastKnownFileType = sourcecode.swift; path = DispatchGroup.swift; sourceTree = "<group>"; };
		DA6CB8B624212442006DADD8 /* DispatchBarrier.swift */ = {isa = PBXFileReference; lastKnownFileType = sourcecode.swift; path = DispatchBarrier.swift; sourceTree = "<group>"; };
		DA6CB8B82421269E006DADD8 /* DispatchSource.swift */ = {isa = PBXFileReference; lastKnownFileType = sourcecode.swift; path = DispatchSource.swift; sourceTree = "<group>"; };
		DA6CB8BA24212D49006DADD8 /* TargetQueueHierarchy.swift */ = {isa = PBXFileReference; lastKnownFileType = sourcecode.swift; path = TargetQueueHierarchy.swift; sourceTree = "<group>"; };
		DA6CB8BC242130A5006DADD8 /* DispatchIO.swift */ = {isa = PBXFileReference; lastKnownFileType = sourcecode.swift; path = DispatchIO.swift; sourceTree = "<group>"; };
		DA6CB8BE24226752006DADD8 /* PhotoViewController.swift */ = {isa = PBXFileReference; lastKnownFileType = sourcecode.swift; path = PhotoViewController.swift; sourceTree = "<group>"; };
		DA6CB8C024236851006DADD8 /* DispatchAfter.swift */ = {isa = PBXFileReference; lastKnownFileType = sourcecode.swift; path = DispatchAfter.swift; sourceTree = "<group>"; };
		DAE66C8F241B85E000A0E309 /* Thread.swift */ = {isa = PBXFileReference; lastKnownFileType = sourcecode.swift; path = Thread.swift; sourceTree = "<group>"; };
		DAE66C95241BA85D00A0E309 /* Synchronization.swift */ = {isa = PBXFileReference; lastKnownFileType = sourcecode.swift; path = Synchronization.swift; sourceTree = "<group>"; };
		DAE66C97241BA87B00A0E309 /* QualityOfService.swift */ = {isa = PBXFileReference; lastKnownFileType = sourcecode.swift; path = QualityOfService.swift; sourceTree = "<group>"; };
		DAE66C99241BAC3600A0E309 /* RecursiveLock.swift */ = {isa = PBXFileReference; lastKnownFileType = sourcecode.swift; path = RecursiveLock.swift; sourceTree = "<group>"; };
		DAE66C9B241BB44500A0E309 /* Condition.swift */ = {isa = PBXFileReference; lastKnownFileType = sourcecode.swift; path = Condition.swift; sourceTree = "<group>"; };
		DAE66C9D241BC35F00A0E309 /* ReadWriteLock.swift */ = {isa = PBXFileReference; lastKnownFileType = sourcecode.swift; path = ReadWriteLock.swift; sourceTree = "<group>"; };
		DAE66C9F241BC6EE00A0E309 /* SpinLock.swift */ = {isa = PBXFileReference; lastKnownFileType = sourcecode.swift; path = SpinLock.swift; sourceTree = "<group>"; };
		DAE66CA1241C9E3100A0E309 /* Synchronized.swift */ = {isa = PBXFileReference; lastKnownFileType = sourcecode.swift; path = Synchronized.swift; sourceTree = "<group>"; };
		DAE66CA3241C9F1200A0E309 /* Deadlock.swift */ = {isa = PBXFileReference; lastKnownFileType = sourcecode.swift; path = Deadlock.swift; sourceTree = "<group>"; };
		DAE66CA5241CABE000A0E309 /* AtomicOperation.swift */ = {isa = PBXFileReference; lastKnownFileType = sourcecode.swift; path = AtomicOperation.swift; sourceTree = "<group>"; };
/* End PBXFileReference section */

/* Begin PBXFrameworksBuildPhase section */
		DA20CDCC241B7A4200E69841 /* Frameworks */ = {
			isa = PBXFrameworksBuildPhase;
			buildActionMask = 2147483647;
			files = (
			);
			runOnlyForDeploymentPostprocessing = 0;
		};
/* End PBXFrameworksBuildPhase section */

/* Begin PBXGroup section */
		DA0B36952424BD3A002A754C /* Views */ = {
			isa = PBXGroup;
			children = (
				DA20CDD6241B7A4200E69841 /* ViewController.swift */,
				DA6CB8BE24226752006DADD8 /* PhotoViewController.swift */,
				DA0B36912424A971002A754C /* ImagesViewController.swift */,
			);
			path = Views;
			sourceTree = "<group>";
		};
		DA0B36962424BD4B002A754C /* models */ = {
			isa = PBXGroup;
			children = (
				DA0B36932424B1D8002A754C /* MyCollectionView.swift */,
			);
			path = models;
			sourceTree = "<group>";
		};
		DA20CDC6241B7A4200E69841 = {
			isa = PBXGroup;
			children = (
				DA20CDD1241B7A4200E69841 /* Multithreading */,
				DA20CDD0241B7A4200E69841 /* Products */,
			);
			sourceTree = "<group>";
		};
		DA20CDD0241B7A4200E69841 /* Products */ = {
			isa = PBXGroup;
			children = (
				DA20CDCF241B7A4200E69841 /* Multithreading.app */,
			);
			name = Products;
			sourceTree = "<group>";
		};
		DA20CDD1241B7A4200E69841 /* Multithreading */ = {
			isa = PBXGroup;
			children = (
				DA0B36962424BD4B002A754C /* models */,
				DA0B36952424BD3A002A754C /* Views */,
				DAE66C8E241B85A100A0E309 /* Multithreading */,
				DA6CB8A9241FB9E8006DADD8 /* GrandCentralDispatch */,
				DA58F54C24252813009931DD /* Operation */,
				DA20CDD2241B7A4200E69841 /* AppDelegate.swift */,
				DA20CDD4241B7A4200E69841 /* SceneDelegate.swift */,
				DA20CDD8241B7A4200E69841 /* Main.storyboard */,
				DA20CDDB241B7A4600E69841 /* Assets.xcassets */,
				DA20CDDD241B7A4600E69841 /* LaunchScreen.storyboard */,
				DA20CDE0241B7A4600E69841 /* Info.plist */,
			);
			path = Multithreading;
			sourceTree = "<group>";
		};
		DA58F54C24252813009931DD /* Operation */ = {
			isa = PBXGroup;
			children = (
				DA58F54D2425283C009931DD /* Operation.swift */,
				DA6B23702425C31C0090FEF7 /* Operation&OperationQueueu.swift */,
				DA6B23722425C9090090FEF7 /* AsyncOperation.swift */,
				DA6B23742425CF330090FEF7 /* MaxConcurrentOperationCount.swift */,
				DA6B23762425D0E60090FEF7 /* CancelOperation.swift */,
				DA6B237A2425D8510090FEF7 /* Dependencies.swift */,
				DA6B237C2425DB780090FEF7 /* WaitUntil.swift */,
				DA6B237E2425E0240090FEF7 /* CompletionBlock.swift */,
				DA6B23802425E12B0090FEF7 /* Suspend.swift */,
			);
			path = Operation;
			sourceTree = "<group>";
		};
		DA6CB8A9241FB9E8006DADD8 /* GrandCentralDispatch */ = {
			isa = PBXGroup;
			children = (
				DA6CB8AA241FBB81006DADD8 /* Queue.swift */,
				DA6CB8AC241FBE51006DADD8 /* Methods.swift */,
				DA6CB8AE241FCEE1006DADD8 /* ConcurrentPerform.swift */,
				DA6CB8C024236851006DADD8 /* DispatchAfter.swift */,
				DA6CB8B0241FD03C006DADD8 /* WorkItem.swift */,
				DA6CB8B2241FD9DE006DADD8 /* Semaphore.swift */,
				DA6CB8B4241FDF71006DADD8 /* DispatchGroup.swift */,
				DA6CB8B624212442006DADD8 /* DispatchBarrier.swift */,
				DA6CB8B82421269E006DADD8 /* DispatchSource.swift */,
				DA6CB8BA24212D49006DADD8 /* TargetQueueHierarchy.swift */,
				DA6CB8BC242130A5006DADD8 /* DispatchIO.swift */,
			);
			path = GrandCentralDispatch;
			sourceTree = "<group>";
		};
		DAE66C8E241B85A100A0E309 /* Multithreading */ = {
			isa = PBXGroup;
			children = (
				DAE66C8F241B85E000A0E309 /* Thread.swift */,
				DAE66C97241BA87B00A0E309 /* QualityOfService.swift */,
				DAE66C95241BA85D00A0E309 /* Synchronization.swift */,
				DAE66C99241BAC3600A0E309 /* RecursiveLock.swift */,
				DAE66C9B241BB44500A0E309 /* Condition.swift */,
				DAE66C9D241BC35F00A0E309 /* ReadWriteLock.swift */,
				DAE66C9F241BC6EE00A0E309 /* SpinLock.swift */,
				DAE66CA1241C9E3100A0E309 /* Synchronized.swift */,
				DAE66CA3241C9F1200A0E309 /* Deadlock.swift */,
				DAE66CA5241CABE000A0E309 /* AtomicOperation.swift */,
			);
			path = Multithreading;
			sourceTree = "<group>";
		};
/* End PBXGroup section */

/* Begin PBXNativeTarget section */
		DA20CDCE241B7A4200E69841 /* Multithreading */ = {
			isa = PBXNativeTarget;
			buildConfigurationList = DA20CDE3241B7A4600E69841 /* Build configuration list for PBXNativeTarget "Multithreading" */;
			buildPhases = (
				DA20CDCB241B7A4200E69841 /* Sources */,
				DA20CDCC241B7A4200E69841 /* Frameworks */,
				DA20CDCD241B7A4200E69841 /* Resources */,
			);
			buildRules = (
			);
			dependencies = (
			);
			name = Multithreading;
			productName = Multithreading;
			productReference = DA20CDCF241B7A4200E69841 /* Multithreading.app */;
			productType = "com.apple.product-type.application";
		};
/* End PBXNativeTarget section */

/* Begin PBXProject section */
		DA20CDC7241B7A4200E69841 /* Project object */ = {
			isa = PBXProject;
			attributes = {
				LastSwiftUpdateCheck = 1120;
				LastUpgradeCheck = 1120;
				ORGANIZATIONNAME = "Дмитрий Константинов";
				TargetAttributes = {
					DA20CDCE241B7A4200E69841 = {
						CreatedOnToolsVersion = 11.2;
					};
				};
			};
			buildConfigurationList = DA20CDCA241B7A4200E69841 /* Build configuration list for PBXProject "Multithreading" */;
			compatibilityVersion = "Xcode 9.3";
			developmentRegion = en;
			hasScannedForEncodings = 0;
			knownRegions = (
				en,
				Base,
			);
			mainGroup = DA20CDC6241B7A4200E69841;
			productRefGroup = DA20CDD0241B7A4200E69841 /* Products */;
			projectDirPath = "";
			projectRoot = "";
			targets = (
				DA20CDCE241B7A4200E69841 /* Multithreading */,
			);
		};
/* End PBXProject section */

/* Begin PBXResourcesBuildPhase section */
		DA20CDCD241B7A4200E69841 /* Resources */ = {
			isa = PBXResourcesBuildPhase;
			buildActionMask = 2147483647;
			files = (
				DA20CDDF241B7A4600E69841 /* LaunchScreen.storyboard in Resources */,
				DA20CDDC241B7A4600E69841 /* Assets.xcassets in Resources */,
				DA20CDDA241B7A4200E69841 /* Main.storyboard in Resources */,
			);
			runOnlyForDeploymentPostprocessing = 0;
		};
/* End PBXResourcesBuildPhase section */

/* Begin PBXSourcesBuildPhase section */
		DA20CDCB241B7A4200E69841 /* Sources */ = {
			isa = PBXSourcesBuildPhase;
			buildActionMask = 2147483647;
			files = (
				DA6CB8BF24226752006DADD8 /* PhotoViewController.swift in Sources */,
				DA6CB8B5241FDF71006DADD8 /* DispatchGroup.swift in Sources */,
				DA6CB8AF241FCEE1006DADD8 /* ConcurrentPerform.swift in Sources */,
				DAE66CA0241BC6EE00A0E309 /* SpinLock.swift in Sources */,
				DA6CB8AB241FBB81006DADD8 /* Queue.swift in Sources */,
				DA6B237D2425DB780090FEF7 /* WaitUntil.swift in Sources */,
				DA0B36942424B1D8002A754C /* MyCollectionView.swift in Sources */,
				DA6B237B2425D8510090FEF7 /* Dependencies.swift in Sources */,
				DAE66C98241BA87B00A0E309 /* QualityOfService.swift in Sources */,
				DA6B23772425D0E60090FEF7 /* CancelOperation.swift in Sources */,
				DAE66C9C241BB44500A0E309 /* Condition.swift in Sources */,
				DA20CDD7241B7A4200E69841 /* ViewController.swift in Sources */,
				DAE66C9E241BC35F00A0E309 /* ReadWriteLock.swift in Sources */,
				DA20CDD3241B7A4200E69841 /* AppDelegate.swift in Sources */,
				DA6B23812425E12B0090FEF7 /* Suspend.swift in Sources */,
				DAE66C96241BA85D00A0E309 /* Synchronization.swift in Sources */,
				DA20CDD5241B7A4200E69841 /* SceneDelegate.swift in Sources */,
				DA6CB8BD242130A5006DADD8 /* DispatchIO.swift in Sources */,
				DA6CB8B92421269E006DADD8 /* DispatchSource.swift in Sources */,
				DA58F54E2425283C009931DD /* Operation.swift in Sources */,
				DA6CB8B3241FD9DE006DADD8 /* Semaphore.swift in Sources */,
				DA6B237F2425E0240090FEF7 /* CompletionBlock.swift in Sources */,
				DA6CB8C124236851006DADD8 /* DispatchAfter.swift in Sources */,
				DAE66CA6241CABE000A0E309 /* AtomicOperation.swift in Sources */,
				DA6B23752425CF330090FEF7 /* MaxConcurrentOperationCount.swift in Sources */,
				DAE66C90241B85E000A0E309 /* Thread.swift in Sources */,
				DAE66CA4241C9F1200A0E309 /* Deadlock.swift in Sources */,
				DA6CB8B724212442006DADD8 /* DispatchBarrier.swift in Sources */,
				DAE66CA2241C9E3100A0E309 /* Synchronized.swift in Sources */,
				DA6CB8BB24212D49006DADD8 /* TargetQueueHierarchy.swift in Sources */,
				DA6B23712425C31C0090FEF7 /* Operation&OperationQueueu.swift in Sources */,
				DA0B36922424A971002A754C /* ImagesViewController.swift in Sources */,
				DA6CB8B1241FD03C006DADD8 /* WorkItem.swift in Sources */,
				DA6CB8AD241FBE51006DADD8 /* Methods.swift in Sources */,
				DA6B23732425C9090090FEF7 /* AsyncOperation.swift in Sources */,
				DAE66C9A241BAC3600A0E309 /* RecursiveLock.swift in Sources */,
			);
			runOnlyForDeploymentPostprocessing = 0;
		};
/* End PBXSourcesBuildPhase section */

/* Begin PBXVariantGroup section */
		DA20CDD8241B7A4200E69841 /* Main.storyboard */ = {
			isa = PBXVariantGroup;
			children = (
				DA20CDD9241B7A4200E69841 /* Base */,
			);
			name = Main.storyboard;
			sourceTree = "<group>";
		};
		DA20CDDD241B7A4600E69841 /* LaunchScreen.storyboard */ = {
			isa = PBXVariantGroup;
			children = (
				DA20CDDE241B7A4600E69841 /* Base */,
			);
			name = LaunchScreen.storyboard;
			sourceTree = "<group>";
		};
/* End PBXVariantGroup section */

/* Begin XCBuildConfiguration section */
		DA20CDE1241B7A4600E69841 /* Debug */ = {
			isa = XCBuildConfiguration;
			buildSettings = {
				ALWAYS_SEARCH_USER_PATHS = NO;
				CLANG_ANALYZER_NONNULL = YES;
				CLANG_ANALYZER_NUMBER_OBJECT_CONVERSION = YES_AGGRESSIVE;
				CLANG_CXX_LANGUAGE_STANDARD = "gnu++14";
				CLANG_CXX_LIBRARY = "libc++";
				CLANG_ENABLE_MODULES = YES;
				CLANG_ENABLE_OBJC_ARC = YES;
				CLANG_ENABLE_OBJC_WEAK = YES;
				CLANG_WARN_BLOCK_CAPTURE_AUTORELEASING = YES;
				CLANG_WARN_BOOL_CONVERSION = YES;
				CLANG_WARN_COMMA = YES;
				CLANG_WARN_CONSTANT_CONVERSION = YES;
				CLANG_WARN_DEPRECATED_OBJC_IMPLEMENTATIONS = YES;
				CLANG_WARN_DIRECT_OBJC_ISA_USAGE = YES_ERROR;
				CLANG_WARN_DOCUMENTATION_COMMENTS = YES;
				CLANG_WARN_EMPTY_BODY = YES;
				CLANG_WARN_ENUM_CONVERSION = YES;
				CLANG_WARN_INFINITE_RECURSION = YES;
				CLANG_WARN_INT_CONVERSION = YES;
				CLANG_WARN_NON_LITERAL_NULL_CONVERSION = YES;
				CLANG_WARN_OBJC_IMPLICIT_RETAIN_SELF = YES;
				CLANG_WARN_OBJC_LITERAL_CONVERSION = YES;
				CLANG_WARN_OBJC_ROOT_CLASS = YES_ERROR;
				CLANG_WARN_RANGE_LOOP_ANALYSIS = YES;
				CLANG_WARN_STRICT_PROTOTYPES = YES;
				CLANG_WARN_SUSPICIOUS_MOVE = YES;
				CLANG_WARN_UNGUARDED_AVAILABILITY = YES_AGGRESSIVE;
				CLANG_WARN_UNREACHABLE_CODE = YES;
				CLANG_WARN__DUPLICATE_METHOD_MATCH = YES;
				COPY_PHASE_STRIP = NO;
				DEBUG_INFORMATION_FORMAT = dwarf;
				ENABLE_STRICT_OBJC_MSGSEND = YES;
				ENABLE_TESTABILITY = YES;
				GCC_C_LANGUAGE_STANDARD = gnu11;
				GCC_DYNAMIC_NO_PIC = NO;
				GCC_NO_COMMON_BLOCKS = YES;
				GCC_OPTIMIZATION_LEVEL = 0;
				GCC_PREPROCESSOR_DEFINITIONS = (
					"DEBUG=1",
					"$(inherited)",
				);
				GCC_WARN_64_TO_32_BIT_CONVERSION = YES;
				GCC_WARN_ABOUT_RETURN_TYPE = YES_ERROR;
				GCC_WARN_UNDECLARED_SELECTOR = YES;
				GCC_WARN_UNINITIALIZED_AUTOS = YES_AGGRESSIVE;
				GCC_WARN_UNUSED_FUNCTION = YES;
				GCC_WARN_UNUSED_VARIABLE = YES;
				IPHONEOS_DEPLOYMENT_TARGET = 13.2;
				MTL_ENABLE_DEBUG_INFO = INCLUDE_SOURCE;
				MTL_FAST_MATH = YES;
				ONLY_ACTIVE_ARCH = YES;
				SDKROOT = iphoneos;
				SWIFT_ACTIVE_COMPILATION_CONDITIONS = DEBUG;
				SWIFT_OPTIMIZATION_LEVEL = "-Onone";
			};
			name = Debug;
		};
		DA20CDE2241B7A4600E69841 /* Release */ = {
			isa = XCBuildConfiguration;
			buildSettings = {
				ALWAYS_SEARCH_USER_PATHS = NO;
				CLANG_ANALYZER_NONNULL = YES;
				CLANG_ANALYZER_NUMBER_OBJECT_CONVERSION = YES_AGGRESSIVE;
				CLANG_CXX_LANGUAGE_STANDARD = "gnu++14";
				CLANG_CXX_LIBRARY = "libc++";
				CLANG_ENABLE_MODULES = YES;
				CLANG_ENABLE_OBJC_ARC = YES;
				CLANG_ENABLE_OBJC_WEAK = YES;
				CLANG_WARN_BLOCK_CAPTURE_AUTORELEASING = YES;
				CLANG_WARN_BOOL_CONVERSION = YES;
				CLANG_WARN_COMMA = YES;
				CLANG_WARN_CONSTANT_CONVERSION = YES;
				CLANG_WARN_DEPRECATED_OBJC_IMPLEMENTATIONS = YES;
				CLANG_WARN_DIRECT_OBJC_ISA_USAGE = YES_ERROR;
				CLANG_WARN_DOCUMENTATION_COMMENTS = YES;
				CLANG_WARN_EMPTY_BODY = YES;
				CLANG_WARN_ENUM_CONVERSION = YES;
				CLANG_WARN_INFINITE_RECURSION = YES;
				CLANG_WARN_INT_CONVERSION = YES;
				CLANG_WARN_NON_LITERAL_NULL_CONVERSION = YES;
				CLANG_WARN_OBJC_IMPLICIT_RETAIN_SELF = YES;
				CLANG_WARN_OBJC_LITERAL_CONVERSION = YES;
				CLANG_WARN_OBJC_ROOT_CLASS = YES_ERROR;
				CLANG_WARN_RANGE_LOOP_ANALYSIS = YES;
				CLANG_WARN_STRICT_PROTOTYPES = YES;
				CLANG_WARN_SUSPICIOUS_MOVE = YES;
				CLANG_WARN_UNGUARDED_AVAILABILITY = YES_AGGRESSIVE;
				CLANG_WARN_UNREACHABLE_CODE = YES;
				CLANG_WARN__DUPLICATE_METHOD_MATCH = YES;
				COPY_PHASE_STRIP = NO;
				DEBUG_INFORMATION_FORMAT = "dwarf-with-dsym";
				ENABLE_NS_ASSERTIONS = NO;
				ENABLE_STRICT_OBJC_MSGSEND = YES;
				GCC_C_LANGUAGE_STANDARD = gnu11;
				GCC_NO_COMMON_BLOCKS = YES;
				GCC_WARN_64_TO_32_BIT_CONVERSION = YES;
				GCC_WARN_ABOUT_RETURN_TYPE = YES_ERROR;
				GCC_WARN_UNDECLARED_SELECTOR = YES;
				GCC_WARN_UNINITIALIZED_AUTOS = YES_AGGRESSIVE;
				GCC_WARN_UNUSED_FUNCTION = YES;
				GCC_WARN_UNUSED_VARIABLE = YES;
				IPHONEOS_DEPLOYMENT_TARGET = 13.2;
				MTL_ENABLE_DEBUG_INFO = NO;
				MTL_FAST_MATH = YES;
				SDKROOT = iphoneos;
				SWIFT_COMPILATION_MODE = wholemodule;
				SWIFT_OPTIMIZATION_LEVEL = "-O";
				VALIDATE_PRODUCT = YES;
			};
			name = Release;
		};
		DA20CDE4241B7A4600E69841 /* Debug */ = {
			isa = XCBuildConfiguration;
			buildSettings = {
				ASSETCATALOG_COMPILER_APPICON_NAME = AppIcon;
				CODE_SIGN_STYLE = Automatic;
				DEVELOPMENT_TEAM = V343AH88RK;
				INFOPLIST_FILE = Multithreading/Info.plist;
				LD_RUNPATH_SEARCH_PATHS = (
					"$(inherited)",
					"@executable_path/Frameworks",
				);
				PRODUCT_BUNDLE_IDENTIFIER = CasperNEw.Multithreading;
				PRODUCT_NAME = "$(TARGET_NAME)";
				SWIFT_VERSION = 5.0;
				TARGETED_DEVICE_FAMILY = "1,2";
			};
			name = Debug;
		};
		DA20CDE5241B7A4600E69841 /* Release */ = {
			isa = XCBuildConfiguration;
			buildSettings = {
				ASSETCATALOG_COMPILER_APPICON_NAME = AppIcon;
				CODE_SIGN_STYLE = Automatic;
				DEVELOPMENT_TEAM = V343AH88RK;
				INFOPLIST_FILE = Multithreading/Info.plist;
				LD_RUNPATH_SEARCH_PATHS = (
					"$(inherited)",
					"@executable_path/Frameworks",
				);
				PRODUCT_BUNDLE_IDENTIFIER = CasperNEw.Multithreading;
				PRODUCT_NAME = "$(TARGET_NAME)";
				SWIFT_VERSION = 5.0;
				TARGETED_DEVICE_FAMILY = "1,2";
			};
			name = Release;
		};
/* End XCBuildConfiguration section */

/* Begin XCConfigurationList section */
		DA20CDCA241B7A4200E69841 /* Build configuration list for PBXProject "Multithreading" */ = {
			isa = XCConfigurationList;
			buildConfigurations = (
				DA20CDE1241B7A4600E69841 /* Debug */,
				DA20CDE2241B7A4600E69841 /* Release */,
			);
			defaultConfigurationIsVisible = 0;
			defaultConfigurationName = Release;
		};
		DA20CDE3241B7A4600E69841 /* Build configuration list for PBXNativeTarget "Multithreading" */ = {
			isa = XCConfigurationList;
			buildConfigurations = (
				DA20CDE4241B7A4600E69841 /* Debug */,
				DA20CDE5241B7A4600E69841 /* Release */,
			);
			defaultConfigurationIsVisible = 0;
			defaultConfigurationName = Release;
		};
/* End XCConfigurationList section */
	};
	rootObject = DA20CDC7241B7A4200E69841 /* Project object */;
}
